
Microsoft Visual Studio Solution File, Format Version 12.00
# Visual Studio 15
VisualStudioVersion = 15.0.28307.1062
MinimumVisualStudioVersion = 10.0.40219.1
Project("{FAE04EC0-301F-11D3-BF4B-00C04F79EFBC}") = "CreateReactApp", "CreateReactApp\CreateReactApp.csproj", "{1EAEFF0F-F18A-4380-B736-E30803550DA8}"
EndProject
Global
	GlobalSection(SolutionConfigurationPlatforms) = preSolution
		Debug|Any CPU = Debug|Any CPU
		Release|Any CPU = Release|Any CPU
	EndGlobalSection
	GlobalSection(ProjectConfigurationPlatforms) = postSolution
		{1EAEFF0F-F18A-4380-B736-E30803550DA8}.Debug|Any CPU.ActiveCfg = Debug|Any CPU
		{1EAEFF0F-F18A-4380-B736-E30803550DA8}.Debug|Any CPU.Build.0 = Debug|Any CPU
		{1EAEFF0F-F18A-4380-B736-E30803550DA8}.Release|Any CPU.ActiveCfg = Release|Any CPU
		{1EAEFF0F-F18A-4380-B736-E30803550DA8}.Release|Any CPU.Build.0 = Release|Any CPU
	EndGlobalSection
	GlobalSection(SolutionProperties) = preSolution
		HideSolutionNode = FALSE
	EndGlobalSection
	GlobalSection(ExtensibilityGlobals) = postSolution
		SolutionGuid = {4C0CB63B-E72C-4459-81AD-0285044EEF75}
	EndGlobalSection
EndGlobal
